// !$*UTF8*$!
{
	archiveVersion = 1;
	classes = {
	};
	objectVersion = 56;
	objects = {

/* Begin PBXBuildFile section */
		59D183A32ADF9E5000039E47 /* iOS_hw2App.swift in Sources */ = {isa = PBXBuildFile; fileRef = 59D183A22ADF9E5000039E47 /* iOS_hw2App.swift */; };
		59D183A52ADF9E5000039E47 /* ContentView.swift in Sources */ = {isa = PBXBuildFile; fileRef = 59D183A42ADF9E5000039E47 /* ContentView.swift */; };
		59D183A72ADF9E5200039E47 /* Assets.xcassets in Resources */ = {isa = PBXBuildFile; fileRef = 59D183A62ADF9E5200039E47 /* Assets.xcassets */; };
		59D183AA2ADF9E5200039E47 /* Preview Assets.xcassets in Resources */ = {isa = PBXBuildFile; fileRef = 59D183A92ADF9E5200039E47 /* Preview Assets.xcassets */; };
		59D183B12ADFAFA200039E47 /* Song.swift in Sources */ = {isa = PBXBuildFile; fileRef = 59D183B02ADFAFA200039E47 /* Song.swift */; };
		59D183B32ADFB14000039E47 /* SongRow.swift in Sources */ = {isa = PBXBuildFile; fileRef = 59D183B22ADFB14000039E47 /* SongRow.swift */; };
		59D183B52ADFB30300039E47 /* SongList.swift in Sources */ = {isa = PBXBuildFile; fileRef = 59D183B42ADFB30300039E47 /* SongList.swift */; };
		59D183B72ADFBF9300039E47 /* AlbumView.swift in Sources */ = {isa = PBXBuildFile; fileRef = 59D183B62ADFBF9300039E47 /* AlbumView.swift */; };
		59D183B92ADFD14200039E47 /* Album.swift in Sources */ = {isa = PBXBuildFile; fileRef = 59D183B82ADFD14200039E47 /* Album.swift */; };
		59D183BB2ADFE1C400039E47 /* SingerDetail.swift in Sources */ = {isa = PBXBuildFile; fileRef = 59D183BA2ADFE1C400039E47 /* SingerDetail.swift */; };
/* End PBXBuildFile section */

/* Begin PBXFileReference section */
		59D1839F2ADF9E5000039E47 /* iOS_hw2.app */ = {isa = PBXFileReference; explicitFileType = wrapper.application; includeInIndex = 0; path = iOS_hw2.app; sourceTree = BUILT_PRODUCTS_DIR; };
		59D183A22ADF9E5000039E47 /* iOS_hw2App.swift */ = {isa = PBXFileReference; lastKnownFileType = sourcecode.swift; path = iOS_hw2App.swift; sourceTree = "<group>"; };
		59D183A42ADF9E5000039E47 /* ContentView.swift */ = {isa = PBXFileReference; lastKnownFileType = sourcecode.swift; path = ContentView.swift; sourceTree = "<group>"; };
		59D183A62ADF9E5200039E47 /* Assets.xcassets */ = {isa = PBXFileReference; lastKnownFileType = folder.assetcatalog; path = Assets.xcassets; sourceTree = "<group>"; };
		59D183A92ADF9E5200039E47 /* Preview Assets.xcassets */ = {isa = PBXFileReference; lastKnownFileType = folder.assetcatalog; path = "Preview Assets.xcassets"; sourceTree = "<group>"; };
		59D183B02ADFAFA200039E47 /* Song.swift */ = {isa = PBXFileReference; lastKnownFileType = sourcecode.swift; path = Song.swift; sourceTree = "<group>"; };
		59D183B22ADFB14000039E47 /* SongRow.swift */ = {isa = PBXFileReference; lastKnownFileType = sourcecode.swift; path = SongRow.swift; sourceTree = "<group>"; };
		59D183B42ADFB30300039E47 /* SongList.swift */ = {isa = PBXFileReference; lastKnownFileType = sourcecode.swift; path = SongList.swift; sourceTree = "<group>"; };
		59D183B62ADFBF9300039E47 /* AlbumView.swift */ = {isa = PBXFileReference; lastKnownFileType = sourcecode.swift; path = AlbumView.swift; sourceTree = "<group>"; };
		59D183B82ADFD14200039E47 /* Album.swift */ = {isa = PBXFileReference; lastKnownFileType = sourcecode.swift; path = Album.swift; sourceTree = "<group>"; };
		59D183BA2ADFE1C400039E47 /* SingerDetail.swift */ = {isa = PBXFileReference; lastKnownFileType = sourcecode.swift; path = SingerDetail.swift; sourceTree = "<group>"; };
/* End PBXFileReference section */

/* Begin PBXFrameworksBuildPhase section */
		59D1839C2ADF9E5000039E47 /* Frameworks */ = {
			isa = PBXFrameworksBuildPhase;
			buildActionMask = 2147483647;
			files = (
			);
			runOnlyForDeploymentPostprocessing = 0;
		};
/* End PBXFrameworksBuildPhase section */

/* Begin PBXGroup section */
		59D183962ADF9E5000039E47 = {
			isa = PBXGroup;
			children = (
				59D183A12ADF9E5000039E47 /* iOS_hw2 */,
				59D183A02ADF9E5000039E47 /* Products */,
			);
			sourceTree = "<group>";
		};
		59D183A02ADF9E5000039E47 /* Products */ = {
			isa = PBXGroup;
			children = (
				59D1839F2ADF9E5000039E47 /* iOS_hw2.app */,
			);
			name = Products;
			sourceTree = "<group>";
		};
		59D183A12ADF9E5000039E47 /* iOS_hw2 */ = {
			isa = PBXGroup;
			children = (
				59D183A22ADF9E5000039E47 /* iOS_hw2App.swift */,
				59D183A42ADF9E5000039E47 /* ContentView.swift */,
				59D183BA2ADFE1C400039E47 /* SingerDetail.swift */,
				59D183B02ADFAFA200039E47 /* Song.swift */,
				59D183B22ADFB14000039E47 /* SongRow.swift */,
				59D183B42ADFB30300039E47 /* SongList.swift */,
				59D183B82ADFD14200039E47 /* Album.swift */,
				59D183B62ADFBF9300039E47 /* AlbumView.swift */,
				59D183A62ADF9E5200039E47 /* Assets.xcassets */,
				59D183A82ADF9E5200039E47 /* Preview Content */,
			);
			path = iOS_hw2;
			sourceTree = "<group>";
		};
		59D183A82ADF9E5200039E47 /* Preview Content */ = {
			isa = PBXGroup;
			children = (
				59D183A92ADF9E5200039E47 /* Preview Assets.xcassets */,
			);
			path = "Preview Content";
			sourceTree = "<group>";
		};
/* End PBXGroup section */

/* Begin PBXNativeTarget section */
		59D1839E2ADF9E5000039E47 /* iOS_hw2 */ = {
			isa = PBXNativeTarget;
			buildConfigurationList = 59D183AD2ADF9E5200039E47 /* Build configuration list for PBXNativeTarget "iOS_hw2" */;
			buildPhases = (
				59D1839B2ADF9E5000039E47 /* Sources */,
				59D1839C2ADF9E5000039E47 /* Frameworks */,
				59D1839D2ADF9E5000039E47 /* Resources */,
			);
			buildRules = (
			);
			dependencies = (
			);
			name = iOS_hw2;
			productName = iOS_hw2;
			productReference = 59D1839F2ADF9E5000039E47 /* iOS_hw2.app */;
			productType = "com.apple.product-type.application";
		};
/* End PBXNativeTarget section */

/* Begin PBXProject section */
		59D183972ADF9E5000039E47 /* Project object */ = {
			isa = PBXProject;
			attributes = {
				BuildIndependentTargetsInParallel = 1;
				LastSwiftUpdateCheck = 1500;
				LastUpgradeCheck = 1500;
				TargetAttributes = {
					59D1839E2ADF9E5000039E47 = {
						CreatedOnToolsVersion = 15.0;
					};
				};
			};
			buildConfigurationList = 59D1839A2ADF9E5000039E47 /* Build configuration list for PBXProject "iOS_hw2" */;
			compatibilityVersion = "Xcode 14.0";
			developmentRegion = en;
			hasScannedForEncodings = 0;
			knownRegions = (
				en,
				Base,
			);
			mainGroup = 59D183962ADF9E5000039E47;
			productRefGroup = 59D183A02ADF9E5000039E47 /* Products */;
			projectDirPath = "";
			projectRoot = "";
			targets = (
				59D1839E2ADF9E5000039E47 /* iOS_hw2 */,
			);
		};
/* End PBXProject section */

/* Begin PBXResourcesBuildPhase section */
		59D1839D2ADF9E5000039E47 /* Resources */ = {
			isa = PBXResourcesBuildPhase;
			buildActionMask = 2147483647;
			files = (
				59D183AA2ADF9E5200039E47 /* Preview Assets.xcassets in Resources */,
				59D183A72ADF9E5200039E47 /* Assets.xcassets in Resources */,
			);
			runOnlyForDeploymentPostprocessing = 0;
		};
/* End PBXResourcesBuildPhase section */

/* Begin PBXSourcesBuildPhase section */
		59D1839B2ADF9E5000039E47 /* Sources */ = {
			isa = PBXSourcesBuildPhase;
			buildActionMask = 2147483647;
			files = (
				59D183BB2ADFE1C400039E47 /* SingerDetail.swift in Sources */,
				59D183B72ADFBF9300039E47 /* AlbumView.swift in Sources */,
				59D183B52ADFB30300039E47 /* SongList.swift in Sources */,
				59D183B12ADFAFA200039E47 /* Song.swift in Sources */,
				59D183A52ADF9E5000039E47 /* ContentView.swift in Sources */,
				59D183A32ADF9E5000039E47 /* iOS_hw2App.swift in Sources */,
				59D183B92ADFD14200039E47 /* Album.swift in Sources */,
				59D183B32ADFB14000039E47 /* SongRow.swift in Sources */,
			);
			runOnlyForDeploymentPostprocessing = 0;
		};
/* End PBXSourcesBuildPhase section */

/* Begin XCBuildConfiguration section */
		59D183AB2ADF9E5200039E47 /* Debug */ = {
			isa = XCBuildConfiguration;
			buildSettings = {
				ALWAYS_SEARCH_USER_PATHS = NO;
				ASSETCATALOG_COMPILER_GENERATE_SWIFT_ASSET_SYMBOL_EXTENSIONS = YES;
				CLANG_ANALYZER_NONNULL = YES;
				CLANG_ANALYZER_NUMBER_OBJECT_CONVERSION = YES_AGGRESSIVE;
				CLANG_CXX_LANGUAGE_STANDARD = "gnu++20";
				CLANG_ENABLE_MODULES = YES;
				CLANG_ENABLE_OBJC_ARC = YES;
				CLANG_ENABLE_OBJC_WEAK = YES;
				CLANG_WARN_BLOCK_CAPTURE_AUTORELEASING = YES;
				CLANG_WARN_BOOL_CONVERSION = YES;
				CLANG_WARN_COMMA = YES;
				CLANG_WARN_CONSTANT_CONVERSION = YES;
				CLANG_WARN_DEPRECATED_OBJC_IMPLEMENTATIONS = YES;
				CLANG_WARN_DIRECT_OBJC_ISA_USAGE = YES_ERROR;
				CLANG_WARN_DOCUMENTATION_COMMENTS = YES;
				CLANG_WARN_EMPTY_BODY = YES;
				CLANG_WARN_ENUM_CONVERSION = YES;
				CLANG_WARN_INFINITE_RECURSION = YES;
				CLANG_WARN_INT_CONVERSION = YES;
				CLANG_WARN_NON_LITERAL_NULL_CONVERSION = YES;
				CLANG_WARN_OBJC_IMPLICIT_RETAIN_SELF = YES;
				CLANG_WARN_OBJC_LITERAL_CONVERSION = YES;
				CLANG_WARN_OBJC_ROOT_CLASS = YES_ERROR;
				CLANG_WARN_QUOTED_INCLUDE_IN_FRAMEWORK_HEADER = YES;
				CLANG_WARN_RANGE_LOOP_ANALYSIS = YES;
				CLANG_WARN_STRICT_PROTOTYPES = YES;
				CLANG_WARN_SUSPICIOUS_MOVE = YES;
				CLANG_WARN_UNGUARDED_AVAILABILITY = YES_AGGRESSIVE;
				CLANG_WARN_UNREACHABLE_CODE = YES;
				CLANG_WARN__DUPLICATE_METHOD_MATCH = YES;
				COPY_PHASE_STRIP = NO;
				DEBUG_INFORMATION_FORMAT = dwarf;
				ENABLE_STRICT_OBJC_MSGSEND = YES;
				ENABLE_TESTABILITY = YES;
				ENABLE_USER_SCRIPT_SANDBOXING = YES;
				GCC_C_LANGUAGE_STANDARD = gnu17;
				GCC_DYNAMIC_NO_PIC = NO;
				GCC_NO_COMMON_BLOCKS = YES;
				GCC_OPTIMIZATION_LEVEL = 0;
				GCC_PREPROCESSOR_DEFINITIONS = (
					"DEBUG=1",
					"$(inherited)",
				);
				GCC_WARN_64_TO_32_BIT_CONVERSION = YES;
				GCC_WARN_ABOUT_RETURN_TYPE = YES_ERROR;
				GCC_WARN_UNDECLARED_SELECTOR = YES;
				GCC_WARN_UNINITIALIZED_AUTOS = YES_AGGRESSIVE;
				GCC_WARN_UNUSED_FUNCTION = YES;
				GCC_WARN_UNUSED_VARIABLE = YES;
				IPHONEOS_DEPLOYMENT_TARGET = 17.0;
				LOCALIZATION_PREFERS_STRING_CATALOGS = YES;
				MTL_ENABLE_DEBUG_INFO = INCLUDE_SOURCE;
				MTL_FAST_MATH = YES;
				ONLY_ACTIVE_ARCH = YES;
				SDKROOT = iphoneos;
				SWIFT_ACTIVE_COMPILATION_CONDITIONS = "DEBUG $(inherited)";
				SWIFT_OPTIMIZATION_LEVEL = "-Onone";
			};
			name = Debug;
		};
		59D183AC2ADF9E5200039E47 /* Release */ = {
			isa = XCBuildConfiguration;
			buildSettings = {
				ALWAYS_SEARCH_USER_PATHS = NO;
				ASSETCATALOG_COMPILER_GENERATE_SWIFT_ASSET_SYMBOL_EXTENSIONS = YES;
				CLANG_ANALYZER_NONNULL = YES;
				CLANG_ANALYZER_NUMBER_OBJECT_CONVERSION = YES_AGGRESSIVE;
				CLANG_CXX_LANGUAGE_STANDARD = "gnu++20";
				CLANG_ENABLE_MODULES = YES;
				CLANG_ENABLE_OBJC_ARC = YES;
				CLANG_ENABLE_OBJC_WEAK = YES;
				CLANG_WARN_BLOCK_CAPTURE_AUTORELEASING = YES;
				CLANG_WARN_BOOL_CONVERSION = YES;
				CLANG_WARN_COMMA = YES;
				CLANG_WARN_CONSTANT_CONVERSION = YES;
				CLANG_WARN_DEPRECATED_OBJC_IMPLEMENTATIONS = YES;
				CLANG_WARN_DIRECT_OBJC_ISA_USAGE = YES_ERROR;
				CLANG_WARN_DOCUMENTATION_COMMENTS = YES;
				CLANG_WARN_EMPTY_BODY = YES;
				CLANG_WARN_ENUM_CONVERSION = YES;
				CLANG_WARN_INFINITE_RECURSION = YES;
				CLANG_WARN_INT_CONVERSION = YES;
				CLANG_WARN_NON_LITERAL_NULL_CONVERSION = YES;
				CLANG_WARN_OBJC_IMPLICIT_RETAIN_SELF = YES;
				CLANG_WARN_OBJC_LITERAL_CONVERSION = YES;
				CLANG_WARN_OBJC_ROOT_CLASS = YES_ERROR;
				CLANG_WARN_QUOTED_INCLUDE_IN_FRAMEWORK_HEADER = YES;
				CLANG_WARN_RANGE_LOOP_ANALYSIS = YES;
				CLANG_WARN_STRICT_PROTOTYPES = YES;
				CLANG_WARN_SUSPICIOUS_MOVE = YES;
				CLANG_WARN_UNGUARDED_AVAILABILITY = YES_AGGRESSIVE;
				CLANG_WARN_UNREACHABLE_CODE = YES;
				CLANG_WARN__DUPLICATE_METHOD_MATCH = YES;
				COPY_PHASE_STRIP = NO;
				DEBUG_INFORMATION_FORMAT = "dwarf-with-dsym";
				ENABLE_NS_ASSERTIONS = NO;
				ENABLE_STRICT_OBJC_MSGSEND = YES;
				ENABLE_USER_SCRIPT_SANDBOXING = YES;
				GCC_C_LANGUAGE_STANDARD = gnu17;
				GCC_NO_COMMON_BLOCKS = YES;
				GCC_WARN_64_TO_32_BIT_CONVERSION = YES;
				GCC_WARN_ABOUT_RETURN_TYPE = YES_ERROR;
				GCC_WARN_UNDECLARED_SELECTOR = YES;
				GCC_WARN_UNINITIALIZED_AUTOS = YES_AGGRESSIVE;
				GCC_WARN_UNUSED_FUNCTION = YES;
				GCC_WARN_UNUSED_VARIABLE = YES;
				IPHONEOS_DEPLOYMENT_TARGET = 17.0;
				LOCALIZATION_PREFERS_STRING_CATALOGS = YES;
				MTL_ENABLE_DEBUG_INFO = NO;
				MTL_FAST_MATH = YES;
				SDKROOT = iphoneos;
				SWIFT_COMPILATION_MODE = wholemodule;
				VALIDATE_PRODUCT = YES;
			};
			name = Release;
		};
		59D183AE2ADF9E5200039E47 /* Debug */ = {
			isa = XCBuildConfiguration;
			buildSettings = {
				ASSETCATALOG_COMPILER_APPICON_NAME = AppIcon;
				ASSETCATALOG_COMPILER_GLOBAL_ACCENT_COLOR_NAME = AccentColor;
				CODE_SIGN_STYLE = Automatic;
				CURRENT_PROJECT_VERSION = 1;
				DEVELOPMENT_ASSET_PATHS = "\"iOS_hw2/Preview Content\"";
				ENABLE_PREVIEWS = YES;
				GENERATE_INFOPLIST_FILE = YES;
				INFOPLIST_KEY_UIApplicationSceneManifest_Generation = YES;
				INFOPLIST_KEY_UIApplicationSupportsIndirectInputEvents = YES;
				INFOPLIST_KEY_UILaunchScreen_Generation = YES;
				INFOPLIST_KEY_UISupportedInterfaceOrientations_iPad = "UIInterfaceOrientationPortrait UIInterfaceOrientationPortraitUpsideDown UIInterfaceOrientationLandscapeLeft UIInterfaceOrientationLandscapeRight";
				INFOPLIST_KEY_UISupportedInterfaceOrientations_iPhone = "UIInterfaceOrientationPortrait UIInterfaceOrientationLandscapeLeft UIInterfaceOrientationLandscapeRight";
				LD_RUNPATH_SEARCH_PATHS = (
					"$(inherited)",
					"@executable_path/Frameworks",
				);
				MARKETING_VERSION = 1.0;
				PRODUCT_BUNDLE_IDENTIFIER = "yc.iOS-hw2";
				PRODUCT_NAME = "$(TARGET_NAME)";
				SWIFT_EMIT_LOC_STRINGS = YES;
				SWIFT_VERSION = 5.0;
				TARGETED_DEVICE_FAMILY = "1,2";
			};
			name = Debug;
		};
		59D183AF2ADF9E5200039E47 /* Release */ = {
			isa = XCBuildConfiguration;
			buildSettings = {
				ASSETCATALOG_COMPILER_APPICON_NAME = AppIcon;
				ASSETCATALOG_COMPILER_GLOBAL_ACCENT_COLOR_NAME = AccentColor;
				CODE_SIGN_STYLE = Automatic;
				CURRENT_PROJECT_VERSION = 1;
				DEVELOPMENT_ASSET_PATHS = "\"iOS_hw2/Preview Content\"";
				ENABLE_PREVIEWS = YES;
				GENERATE_INFOPLIST_FILE = YES;
				INFOPLIST_KEY_UIApplicationSceneManifest_Generation = YES;
				INFOPLIST_KEY_UIApplicationSupportsIndirectInputEvents = YES;
				INFOPLIST_KEY_UILaunchScreen_Generation = YES;
				INFOPLIST_KEY_UISupportedInterfaceOrientations_iPad = "UIInterfaceOrientationPortrait UIInterfaceOrientationPortraitUpsideDown UIInterfaceOrientationLandscapeLeft UIInterfaceOrientationLandscapeRight";
				INFOPLIST_KEY_UISupportedInterfaceOrientations_iPhone = "UIInterfaceOrientationPortrait UIInterfaceOrientationLandscapeLeft UIInterfaceOrientationLandscapeRight";
				LD_RUNPATH_SEARCH_PATHS = (
					"$(inherited)",
					"@executable_path/Frameworks",
				);
				MARKETING_VERSION = 1.0;
				PRODUCT_BUNDLE_IDENTIFIER = "yc.iOS-hw2";
				PRODUCT_NAME = "$(TARGET_NAME)";
				SWIFT_EMIT_LOC_STRINGS = YES;
				SWIFT_VERSION = 5.0;
				TARGETED_DEVICE_FAMILY = "1,2";
			};
			name = Release;
		};
/* End XCBuildConfiguration section */

/* Begin XCConfigurationList section */
		59D1839A2ADF9E5000039E47 /* Build configuration list for PBXProject "iOS_hw2" */ = {
			isa = XCConfigurationList;
			buildConfigurations = (
				59D183AB2ADF9E5200039E47 /* Debug */,
				59D183AC2ADF9E5200039E47 /* Release */,
			);
			defaultConfigurationIsVisible = 0;
			defaultConfigurationName = Release;
		};
		59D183AD2ADF9E5200039E47 /* Build configuration list for PBXNativeTarget "iOS_hw2" */ = {
			isa = XCConfigurationList;
			buildConfigurations = (
				59D183AE2ADF9E5200039E47 /* Debug */,
				59D183AF2ADF9E5200039E47 /* Release */,
			);
			defaultConfigurationIsVisible = 0;
			defaultConfigurationName = Release;
		};
/* End XCConfigurationList section */
	};
	rootObject = 59D183972ADF9E5000039E47 /* Project object */;
}
